
Microsoft Visual Studio Solution File, Format Version 12.00
# Visual Studio Version 17
VisualStudioVersion = 17.5.33530.505
MinimumVisualStudioVersion = 10.0.40219.1
Project("{FAE04EC0-301F-11D3-BF4B-00C04F79EFBC}") = "MsMQ", "MsMQ\MsMQ.csproj", "{A5749D07-EB1C-40A4-B7BE-72D49A0B2237}"
EndProject
Project("{FAE04EC0-301F-11D3-BF4B-00C04F79EFBC}") = "Listener", "Listener\Listener.csproj", "{3095058B-5411-47B3-9787-392ACEB5C466}"
EndProject
Project("{FAE04EC0-301F-11D3-BF4B-00C04F79EFBC}") = "Common", "Common\Common.csproj", "{A824D571-7B2F-439D-99D0-69CE9B6188F4}"
EndProject
Global
	GlobalSection(SolutionConfigurationPlatforms) = preSolution
		Debug|Any CPU = Debug|Any CPU
		Release|Any CPU = Release|Any CPU
	EndGlobalSection
	GlobalSection(ProjectConfigurationPlatforms) = postSolution
		{A5749D07-EB1C-40A4-B7BE-72D49A0B2237}.Debug|Any CPU.ActiveCfg = Debug|Any CPU
		{A5749D07-EB1C-40A4-B7BE-72D49A0B2237}.Debug|Any CPU.Build.0 = Debug|Any CPU
		{A5749D07-EB1C-40A4-B7BE-72D49A0B2237}.Release|Any CPU.ActiveCfg = Release|Any CPU
		{A5749D07-EB1C-40A4-B7BE-72D49A0B2237}.Release|Any CPU.Build.0 = Release|Any CPU
		{3095058B-5411-47B3-9787-392ACEB5C466}.Debug|Any CPU.ActiveCfg = Debug|Any CPU
		{3095058B-5411-47B3-9787-392ACEB5C466}.Debug|Any CPU.Build.0 = Debug|Any CPU
		{3095058B-5411-47B3-9787-392ACEB5C466}.Release|Any CPU.ActiveCfg = Release|Any CPU
		{3095058B-5411-47B3-9787-392ACEB5C466}.Release|Any CPU.Build.0 = Release|Any CPU
		{A824D571-7B2F-439D-99D0-69CE9B6188F4}.Debug|Any CPU.ActiveCfg = Debug|Any CPU
		{A824D571-7B2F-439D-99D0-69CE9B6188F4}.Debug|Any CPU.Build.0 = Debug|Any CPU
		{A824D571-7B2F-439D-99D0-69CE9B6188F4}.Release|Any CPU.ActiveCfg = Release|Any CPU
		{A824D571-7B2F-439D-99D0-69CE9B6188F4}.Release|Any CPU.Build.0 = Release|Any CPU
	EndGlobalSection
	GlobalSection(SolutionProperties) = preSolution
		HideSolutionNode = FALSE
	EndGlobalSection
	GlobalSection(ExtensibilityGlobals) = postSolution
		SolutionGuid = {F541CCCC-6458-4236-BAD5-4042454E3DB1}
	EndGlobalSection
EndGlobal
